// !$*UTF8*$!
{
	archiveVersion = 1;
	classes = {
	};
	objectVersion = 48;
	objects = {

/* Begin PBXBuildFile section */
		1A53528F20296E9B0001F91C /* AppDelegate.swift in Sources */ = {isa = PBXBuildFile; fileRef = 1A53528E20296E9B0001F91C /* AppDelegate.swift */; };
		1A53529120296E9B0001F91C /* ViewController.swift in Sources */ = {isa = PBXBuildFile; fileRef = 1A53529020296E9B0001F91C /* ViewController.swift */; };
		1A53529420296E9B0001F91C /* Main.storyboard in Resources */ = {isa = PBXBuildFile; fileRef = 1A53529220296E9B0001F91C /* Main.storyboard */; };
		1A53529620296E9B0001F91C /* Assets.xcassets in Resources */ = {isa = PBXBuildFile; fileRef = 1A53529520296E9B0001F91C /* Assets.xcassets */; };
		1A53529920296E9B0001F91C /* LaunchScreen.storyboard in Resources */ = {isa = PBXBuildFile; fileRef = 1A53529720296E9B0001F91C /* LaunchScreen.storyboard */; };
		1A5352A420296E9B0001F91C /* WebViewTests.swift in Sources */ = {isa = PBXBuildFile; fileRef = 1A5352A320296E9B0001F91C /* WebViewTests.swift */; };
		1A5352AF20296E9B0001F91C /* WebViewUITests.swift in Sources */ = {isa = PBXBuildFile; fileRef = 1A5352AE20296E9B0001F91C /* WebViewUITests.swift */; };
		1A535341202C61D90001F91C /* Cartfile.resolved in Resources */ = {isa = PBXBuildFile; fileRef = 1A53533E202C61D90001F91C /* Cartfile.resolved */; };
		1A535342202C61D90001F91C /* Cartfile.private in Resources */ = {isa = PBXBuildFile; fileRef = 1A53533F202C61D90001F91C /* Cartfile.private */; };
		1A535343202C61D90001F91C /* Cartfile in Resources */ = {isa = PBXBuildFile; fileRef = 1A535340202C61D90001F91C /* Cartfile */; };
		1A535346202D074F0001F91C /* ExampleCore.framework in Frameworks */ = {isa = PBXBuildFile; fileRef = 1A535345202D074F0001F91C /* ExampleCore.framework */; };
		1A535348202D075F0001F91C /* TPKeyboardAvoidingKit.framework in Frameworks */ = {isa = PBXBuildFile; fileRef = 1A535347202D075F0001F91C /* TPKeyboardAvoidingKit.framework */; };
		1A53534A202D07690001F91C /* ReactiveCocoa.framework in Frameworks */ = {isa = PBXBuildFile; fileRef = 1A535349202D07690001F91C /* ReactiveCocoa.framework */; };
		1A53534C202D07760001F91C /* ReactiveSwift.framework in Frameworks */ = {isa = PBXBuildFile; fileRef = 1A53534B202D07760001F91C /* ReactiveSwift.framework */; };
		1A53534E202D07800001F91C /* Result.framework in Frameworks */ = {isa = PBXBuildFile; fileRef = 1A53534D202D07800001F91C /* Result.framework */; };
		1A535352202D07940001F91C /* pop.framework in Frameworks */ = {isa = PBXBuildFile; fileRef = 1A535351202D07940001F91C /* pop.framework */; };
		1A535354202D079F0001F91C /* ExampleClientLibrary.framework in Frameworks */ = {isa = PBXBuildFile; fileRef = 1A535353202D079F0001F91C /* ExampleClientLibrary.framework */; };
		1A535356202D07AC0001F91C /* ObjectMapper.framework in Frameworks */ = {isa = PBXBuildFile; fileRef = 1A535355202D07AC0001F91C /* ObjectMapper.framework */; };
		1A53535A202D07C10001F91C /* HockeySDK.framework in Frameworks */ = {isa = PBXBuildFile; fileRef = 1A535359202D07C10001F91C /* HockeySDK.framework */; };
		1A53535C202D07CB0001F91C /* Mustache.framework in Frameworks */ = {isa = PBXBuildFile; fileRef = 1A53535B202D07CB0001F91C /* Mustache.framework */; };
		1A53535E202D07D40001F91C /* EasyPeasy.framework in Frameworks */ = {isa = PBXBuildFile; fileRef = 1A53535D202D07D40001F91C /* EasyPeasy.framework */; };
		1A535364202D07E60001F91C /* CommonCrypto.framework in Frameworks */ = {isa = PBXBuildFile; fileRef = 1A53535F202D07E50001F91C /* CommonCrypto.framework */; };
		1A535365202D07E60001F91C /* Charts.framework in Frameworks */ = {isa = PBXBuildFile; fileRef = 1A535360202D07E50001F91C /* Charts.framework */; };
		1A535366202D07E60001F91C /* Alamofire.framework in Frameworks */ = {isa = PBXBuildFile; fileRef = 1A535361202D07E50001F91C /* Alamofire.framework */; };
		1A535367202D07E60001F91C /* CleanroomLogger.framework in Frameworks */ = {isa = PBXBuildFile; fileRef = 1A535362202D07E60001F91C /* CleanroomLogger.framework */; };
		1A535368202D07E60001F91C /* BonMot.framework in Frameworks */ = {isa = PBXBuildFile; fileRef = 1A535363202D07E60001F91C /* BonMot.framework */; };
		1A53536A202D07F10001F91C /* libsqlite3.tbd in Frameworks */ = {isa = PBXBuildFile; fileRef = 1A535369202D07F10001F91C /* libsqlite3.tbd */; };
		1A53536E202D08040001F91C /* AdobeMobileLibrary.a in Frameworks */ = {isa = PBXBuildFile; fileRef = 1A53536C202D08040001F91C /* AdobeMobileLibrary.a */; };
		1A535370202D08130001F91C /* UserNotifications.framework in Frameworks */ = {isa = PBXBuildFile; fileRef = 1A53536F202D08130001F91C /* UserNotifications.framework */; };
		1A535373202D0C6B0001F91C /* Alamofire.framework in Frameworks */ = {isa = PBXBuildFile; fileRef = 1A535361202D07E50001F91C /* Alamofire.framework */; };
		1A535374202D0C6B0001F91C /* Alamofire.framework in Embed Frameworks */ = {isa = PBXBuildFile; fileRef = 1A535361202D07E50001F91C /* Alamofire.framework */; settings = {ATTRIBUTES = (CodeSignOnCopy, RemoveHeadersOnCopy, ); }; };
		1A535375202D0C6B0001F91C /* BonMot.framework in Frameworks */ = {isa = PBXBuildFile; fileRef = 1A535363202D07E60001F91C /* BonMot.framework */; };
		1A535376202D0C6B0001F91C /* BonMot.framework in Embed Frameworks */ = {isa = PBXBuildFile; fileRef = 1A535363202D07E60001F91C /* BonMot.framework */; settings = {ATTRIBUTES = (CodeSignOnCopy, RemoveHeadersOnCopy, ); }; };
		1A535377202D0C6B0001F91C /* Charts.framework in Frameworks */ = {isa = PBXBuildFile; fileRef = 1A535360202D07E50001F91C /* Charts.framework */; };
		1A535378202D0C6B0001F91C /* Charts.framework in Embed Frameworks */ = {isa = PBXBuildFile; fileRef = 1A535360202D07E50001F91C /* Charts.framework */; settings = {ATTRIBUTES = (CodeSignOnCopy, RemoveHeadersOnCopy, ); }; };
		1A53537A202D0C6B0001F91C /* CleanroomLogger.framework in Embed Frameworks */ = {isa = PBXBuildFile; fileRef = 1A535362202D07E60001F91C /* CleanroomLogger.framework */; settings = {ATTRIBUTES = (CodeSignOnCopy, RemoveHeadersOnCopy, ); }; };
		1A53537B202D0C6B0001F91C /* CommonCrypto.framework in Frameworks */ = {isa = PBXBuildFile; fileRef = 1A53535F202D07E50001F91C /* CommonCrypto.framework */; };
		1A53537C202D0C6B0001F91C /* CommonCrypto.framework in Embed Frameworks */ = {isa = PBXBuildFile; fileRef = 1A53535F202D07E50001F91C /* CommonCrypto.framework */; settings = {ATTRIBUTES = (CodeSignOnCopy, RemoveHeadersOnCopy, ); }; };
		1A53537D202D0C6B0001F91C /* EasyPeasy.framework in Frameworks */ = {isa = PBXBuildFile; fileRef = 1A53535D202D07D40001F91C /* EasyPeasy.framework */; };
		1A53537E202D0C6B0001F91C /* EasyPeasy.framework in Embed Frameworks */ = {isa = PBXBuildFile; fileRef = 1A53535D202D07D40001F91C /* EasyPeasy.framework */; settings = {ATTRIBUTES = (CodeSignOnCopy, RemoveHeadersOnCopy, ); }; };
		1A53537F202D0C6B0001F91C /* Mustache.framework in Frameworks */ = {isa = PBXBuildFile; fileRef = 1A53535B202D07CB0001F91C /* Mustache.framework */; };
		1A535380202D0C6B0001F91C /* Mustache.framework in Embed Frameworks */ = {isa = PBXBuildFile; fileRef = 1A53535B202D07CB0001F91C /* Mustache.framework */; settings = {ATTRIBUTES = (CodeSignOnCopy, RemoveHeadersOnCopy, ); }; };
		1A535381202D0C6B0001F91C /* HockeySDK.framework in Frameworks */ = {isa = PBXBuildFile; fileRef = 1A535359202D07C10001F91C /* HockeySDK.framework */; };
		1A535382202D0C6B0001F91C /* HockeySDK.framework in Embed Frameworks */ = {isa = PBXBuildFile; fileRef = 1A535359202D07C10001F91C /* HockeySDK.framework */; settings = {ATTRIBUTES = (CodeSignOnCopy, RemoveHeadersOnCopy, ); }; };
		1A535383202D0C6B0001F91C /* ObjectMapper.framework in Frameworks */ = {isa = PBXBuildFile; fileRef = 1A535355202D07AC0001F91C /* ObjectMapper.framework */; };
		1A535384202D0C6B0001F91C /* ObjectMapper.framework in Embed Frameworks */ = {isa = PBXBuildFile; fileRef = 1A535355202D07AC0001F91C /* ObjectMapper.framework */; settings = {ATTRIBUTES = (CodeSignOnCopy, RemoveHeadersOnCopy, ); }; };
		1A535385202D0C6B0001F91C /* ExampleClientLibrary.framework in Frameworks */ = {isa = PBXBuildFile; fileRef = 1A535353202D079F0001F91C /* ExampleClientLibrary.framework */; };
		1A535386202D0C6B0001F91C /* ExampleClientLibrary.framework in Embed Frameworks */ = {isa = PBXBuildFile; fileRef = 1A535353202D079F0001F91C /* ExampleClientLibrary.framework */; settings = {ATTRIBUTES = (CodeSignOnCopy, RemoveHeadersOnCopy, ); }; };
		1A535387202D0C6B0001F91C /* pop.framework in Frameworks */ = {isa = PBXBuildFile; fileRef = 1A535351202D07940001F91C /* pop.framework */; };
		1A535388202D0C6B0001F91C /* pop.framework in Embed Frameworks */ = {isa = PBXBuildFile; fileRef = 1A535351202D07940001F91C /* pop.framework */; settings = {ATTRIBUTES = (CodeSignOnCopy, RemoveHeadersOnCopy, ); }; };
		1A535389202D0C6B0001F91C /* Result.framework in Frameworks */ = {isa = PBXBuildFile; fileRef = 1A53534D202D07800001F91C /* Result.framework */; };
		1A53538A202D0C6B0001F91C /* Result.framework in Embed Frameworks */ = {isa = PBXBuildFile; fileRef = 1A53534D202D07800001F91C /* Result.framework */; settings = {ATTRIBUTES = (CodeSignOnCopy, RemoveHeadersOnCopy, ); }; };
		1A53538B202D0C6B0001F91C /* ReactiveSwift.framework in Frameworks */ = {isa = PBXBuildFile; fileRef = 1A53534B202D07760001F91C /* ReactiveSwift.framework */; };
		1A53538C202D0C6B0001F91C /* ReactiveSwift.framework in Embed Frameworks */ = {isa = PBXBuildFile; fileRef = 1A53534B202D07760001F91C /* ReactiveSwift.framework */; settings = {ATTRIBUTES = (CodeSignOnCopy, RemoveHeadersOnCopy, ); }; };
		1A53538D202D0C6B0001F91C /* ReactiveCocoa.framework in Frameworks */ = {isa = PBXBuildFile; fileRef = 1A535349202D07690001F91C /* ReactiveCocoa.framework */; };
		1A53538E202D0C6B0001F91C /* ReactiveCocoa.framework in Embed Frameworks */ = {isa = PBXBuildFile; fileRef = 1A535349202D07690001F91C /* ReactiveCocoa.framework */; settings = {ATTRIBUTES = (CodeSignOnCopy, RemoveHeadersOnCopy, ); }; };
		1A53538F202D0C6B0001F91C /* TPKeyboardAvoidingKit.framework in Frameworks */ = {isa = PBXBuildFile; fileRef = 1A535347202D075F0001F91C /* TPKeyboardAvoidingKit.framework */; };
		1A535390202D0C6B0001F91C /* TPKeyboardAvoidingKit.framework in Embed Frameworks */ = {isa = PBXBuildFile; fileRef = 1A535347202D075F0001F91C /* TPKeyboardAvoidingKit.framework */; settings = {ATTRIBUTES = (CodeSignOnCopy, RemoveHeadersOnCopy, ); }; };
		1A535391202D0C6B0001F91C /* ExampleCore.framework in Frameworks */ = {isa = PBXBuildFile; fileRef = 1A535345202D074F0001F91C /* ExampleCore.framework */; };
		1A535392202D0C6B0001F91C /* ExampleCore.framework in Embed Frameworks */ = {isa = PBXBuildFile; fileRef = 1A535345202D074F0001F91C /* ExampleCore.framework */; settings = {ATTRIBUTES = (CodeSignOnCopy, RemoveHeadersOnCopy, ); }; };
/* End PBXBuildFile section */

/* Begin PBXContainerItemProxy section */
		1A5352A020296E9B0001F91C /* PBXContainerItemProxy */ = {
			isa = PBXContainerItemProxy;
			containerPortal = 1A53528320296E9B0001F91C /* Project object */;
			proxyType = 1;
			remoteGlobalIDString = 1A53528A20296E9B0001F91C;
			remoteInfo = WebView;
		};
		1A5352AB20296E9B0001F91C /* PBXContainerItemProxy */ = {
			isa = PBXContainerItemProxy;
			containerPortal = 1A53528320296E9B0001F91C /* Project object */;
			proxyType = 1;
			remoteGlobalIDString = 1A53528A20296E9B0001F91C;
			remoteInfo = WebView;
		};
/* End PBXContainerItemProxy section */

/* Begin PBXCopyFilesBuildPhase section */
		1A535393202D0C6B0001F91C /* Embed Frameworks */ = {
			isa = PBXCopyFilesBuildPhase;
			buildActionMask = 2147483647;
			dstPath = "";
			dstSubfolderSpec = 10;
			files = (
				1A535392202D0C6B0001F91C /* ExampleCore.framework in Embed Frameworks */,
				1A535380202D0C6B0001F91C /* Mustache.framework in Embed Frameworks */,
				1A53538C202D0C6B0001F91C /* ReactiveSwift.framework in Embed Frameworks */,
				1A53537E202D0C6B0001F91C /* EasyPeasy.framework in Embed Frameworks */,
				1A535384202D0C6B0001F91C /* ObjectMapper.framework in Embed Frameworks */,
				1A53538E202D0C6B0001F91C /* ReactiveCocoa.framework in Embed Frameworks */,
				1A535388202D0C6B0001F91C /* pop.framework in Embed Frameworks */,
				1A535378202D0C6B0001F91C /* Charts.framework in Embed Frameworks */,
				1A53537A202D0C6B0001F91C /* CleanroomLogger.framework in Embed Frameworks */,
				1A535390202D0C6B0001F91C /* TPKeyboardAvoidingKit.framework in Embed Frameworks */,
				1A53538A202D0C6B0001F91C /* Result.framework in Embed Frameworks */,
				1A535382202D0C6B0001F91C /* HockeySDK.framework in Embed Frameworks */,
				1A535376202D0C6B0001F91C /* BonMot.framework in Embed Frameworks */,
				1A535386202D0C6B0001F91C /* ExampleClientLibrary.framework in Embed Frameworks */,
				1A53537C202D0C6B0001F91C /* CommonCrypto.framework in Embed Frameworks */,
				1A535374202D0C6B0001F91C /* Alamofire.framework in Embed Frameworks */,
			);
			name = "Embed Frameworks";
			runOnlyForDeploymentPostprocessing = 0;
		};
/* End PBXCopyFilesBuildPhase section */

/* Begin PBXFileReference section */
		1A53528B20296E9B0001F91C /* WebView.app */ = {isa = PBXFileReference; explicitFileType = wrapper.application; includeInIndex = 0; path = WebView.app; sourceTree = BUILT_PRODUCTS_DIR; };
		1A53528E20296E9B0001F91C /* AppDelegate.swift */ = {isa = PBXFileReference; lastKnownFileType = sourcecode.swift; path = AppDelegate.swift; sourceTree = "<group>"; };
		1A53529020296E9B0001F91C /* ViewController.swift */ = {isa = PBXFileReference; lastKnownFileType = sourcecode.swift; path = ViewController.swift; sourceTree = "<group>"; };
		1A53529320296E9B0001F91C /* Base */ = {isa = PBXFileReference; lastKnownFileType = file.storyboard; name = Base; path = Base.lproj/Main.storyboard; sourceTree = "<group>"; };
		1A53529520296E9B0001F91C /* Assets.xcassets */ = {isa = PBXFileReference; lastKnownFileType = folder.assetcatalog; path = Assets.xcassets; sourceTree = "<group>"; };
		1A53529820296E9B0001F91C /* Base */ = {isa = PBXFileReference; lastKnownFileType = file.storyboard; name = Base; path = Base.lproj/LaunchScreen.storyboard; sourceTree = "<group>"; };
		1A53529A20296E9B0001F91C /* Info.plist */ = {isa = PBXFileReference; lastKnownFileType = text.plist.xml; path = Info.plist; sourceTree = "<group>"; };
		1A53529F20296E9B0001F91C /* WebViewTests.xctest */ = {isa = PBXFileReference; explicitFileType = wrapper.cfbundle; includeInIndex = 0; path = WebViewTests.xctest; sourceTree = BUILT_PRODUCTS_DIR; };
		1A5352A320296E9B0001F91C /* WebViewTests.swift */ = {isa = PBXFileReference; lastKnownFileType = sourcecode.swift; path = WebViewTests.swift; sourceTree = "<group>"; };
		1A5352A520296E9B0001F91C /* Info.plist */ = {isa = PBXFileReference; lastKnownFileType = text.plist.xml; path = Info.plist; sourceTree = "<group>"; };
		1A5352AA20296E9B0001F91C /* WebViewUITests.xctest */ = {isa = PBXFileReference; explicitFileType = wrapper.cfbundle; includeInIndex = 0; path = WebViewUITests.xctest; sourceTree = BUILT_PRODUCTS_DIR; };
		1A5352AE20296E9B0001F91C /* WebViewUITests.swift */ = {isa = PBXFileReference; lastKnownFileType = sourcecode.swift; path = WebViewUITests.swift; sourceTree = "<group>"; };
		1A5352B020296E9B0001F91C /* Info.plist */ = {isa = PBXFileReference; lastKnownFileType = text.plist.xml; path = Info.plist; sourceTree = "<group>"; };
		1A53533E202C61D90001F91C /* Cartfile.resolved */ = {isa = PBXFileReference; fileEncoding = 4; lastKnownFileType = text; path = Cartfile.resolved; sourceTree = "<group>"; };
		1A53533F202C61D90001F91C /* Cartfile.private */ = {isa = PBXFileReference; fileEncoding = 4; lastKnownFileType = text; path = Cartfile.private; sourceTree = "<group>"; };
		1A535340202C61D90001F91C /* Cartfile */ = {isa = PBXFileReference; fileEncoding = 4; lastKnownFileType = text; path = Cartfile; sourceTree = "<group>"; };
		1A535345202D074F0001F91C /* ExampleCore.framework */ = {isa = PBXFileReference; lastKnownFileType = wrapper.framework; name = ExampleCore.framework; path = Carthage/Build/iOS/ExampleCore.framework; sourceTree = "<group>"; };
		1A535347202D075F0001F91C /* TPKeyboardAvoidingKit.framework */ = {isa = PBXFileReference; lastKnownFileType = wrapper.framework; name = TPKeyboardAvoidingKit.framework; path = Carthage/Build/iOS/TPKeyboardAvoidingKit.framework; sourceTree = "<group>"; };
		1A535349202D07690001F91C /* ReactiveCocoa.framework */ = {isa = PBXFileReference; lastKnownFileType = wrapper.framework; name = ReactiveCocoa.framework; path = Carthage/Build/iOS/ReactiveCocoa.framework; sourceTree = "<group>"; };
		1A53534B202D07760001F91C /* ReactiveSwift.framework */ = {isa = PBXFileReference; lastKnownFileType = wrapper.framework; name = ReactiveSwift.framework; path = Carthage/Build/iOS/ReactiveSwift.framework; sourceTree = "<group>"; };
		1A53534D202D07800001F91C /* Result.framework */ = {isa = PBXFileReference; lastKnownFileType = wrapper.framework; name = Result.framework; path = Carthage/Build/iOS/Result.framework; sourceTree = "<group>"; };
		1A53534F202D078A0001F91C /* Quick.framework */ = {isa = PBXFileReference; lastKnownFileType = wrapper.framework; name = Quick.framework; path = Carthage/Build/iOS/Quick.framework; sourceTree = "<group>"; };
		1A535351202D07940001F91C /* pop.framework */ = {isa = PBXFileReference; lastKnownFileType = wrapper.framework; name = pop.framework; path = Carthage/Build/iOS/pop.framework; sourceTree = "<group>"; };
		1A535353202D079F0001F91C /* ExampleClientLibrary.framework */ = {isa = PBXFileReference; lastKnownFileType = wrapper.framework; name = ExampleClientLibrary.framework; path = Carthage/Build/iOS/ExampleClientLibrary.framework; sourceTree = "<group>"; };
		1A535355202D07AC0001F91C /* ObjectMapper.framework */ = {isa = PBXFileReference; lastKnownFileType = wrapper.framework; name = ObjectMapper.framework; path = Carthage/Build/iOS/ObjectMapper.framework; sourceTree = "<group>"; };
		1A535357202D07B50001F91C /* Nimble.framework */ = {isa = PBXFileReference; lastKnownFileType = wrapper.framework; name = Nimble.framework; path = Carthage/Build/iOS/Nimble.framework; sourceTree = "<group>"; };
		1A535359202D07C10001F91C /* HockeySDK.framework */ = {isa = PBXFileReference; lastKnownFileType = wrapper.framework; name = HockeySDK.framework; path = Carthage/Build/iOS/HockeySDK.framework; sourceTree = "<group>"; };
		1A53535B202D07CB0001F91C /* Mustache.framework */ = {isa = PBXFileReference; lastKnownFileType = wrapper.framework; name = Mustache.framework; path = Carthage/Build/iOS/Mustache.framework; sourceTree = "<group>"; };
		1A53535D202D07D40001F91C /* EasyPeasy.framework */ = {isa = PBXFileReference; lastKnownFileType = wrapper.framework; name = EasyPeasy.framework; path = Carthage/Build/iOS/EasyPeasy.framework; sourceTree = "<group>"; };
		1A53535F202D07E50001F91C /* CommonCrypto.framework */ = {isa = PBXFileReference; lastKnownFileType = wrapper.framework; name = CommonCrypto.framework; path = Carthage/Build/iOS/CommonCrypto.framework; sourceTree = "<group>"; };
		1A535360202D07E50001F91C /* Charts.framework */ = {isa = PBXFileReference; lastKnownFileType = wrapper.framework; name = Charts.framework; path = Carthage/Build/iOS/Charts.framework; sourceTree = "<group>"; };
		1A535361202D07E50001F91C /* Alamofire.framework */ = {isa = PBXFileReference; lastKnownFileType = wrapper.framework; name = Alamofire.framework; path = Carthage/Build/iOS/Alamofire.framework; sourceTree = "<group>"; };
		1A535362202D07E60001F91C /* CleanroomLogger.framework */ = {isa = PBXFileReference; lastKnownFileType = wrapper.framework; name = CleanroomLogger.framework; path = Carthage/Build/iOS/CleanroomLogger.framework; sourceTree = "<group>"; };
		1A535363202D07E60001F91C /* BonMot.framework */ = {isa = PBXFileReference; lastKnownFileType = wrapper.framework; name = BonMot.framework; path = Carthage/Build/iOS/BonMot.framework; sourceTree = "<group>"; };
		1A535369202D07F10001F91C /* libsqlite3.tbd */ = {isa = PBXFileReference; lastKnownFileType = "sourcecode.text-based-dylib-definition"; name = libsqlite3.tbd; path = usr/lib/libsqlite3.tbd; sourceTree = SDKROOT; };
		1A53536B202D08030001F91C /* IBMMobileKit.framework */ = {isa = PBXFileReference; lastKnownFileType = wrapper.framework; name = IBMMobileKit.framework; path = Vendor/IBMMobileKit.framework; sourceTree = "<group>"; };
		1A53536C202D08040001F91C /* AdobeMobileLibrary.a */ = {isa = PBXFileReference; lastKnownFileType = archive.ar; name = AdobeMobileLibrary.a; path = Vendor/AdobeMobileLibrary/AdobeMobileLibrary.a; sourceTree = "<group>"; };
		1A53536F202D08130001F91C /* UserNotifications.framework */ = {isa = PBXFileReference; lastKnownFileType = wrapper.framework; name = UserNotifications.framework; path = System/Library/Frameworks/UserNotifications.framework; sourceTree = SDKROOT; };
/* End PBXFileReference section */

/* Begin PBXFrameworksBuildPhase section */
		1A53528820296E9B0001F91C /* Frameworks */ = {
			isa = PBXFrameworksBuildPhase;
			buildActionMask = 2147483647;
			files = (
				1A53537F202D0C6B0001F91C /* Mustache.framework in Frameworks */,
				1A535370202D08130001F91C /* UserNotifications.framework in Frameworks */,
				1A53538D202D0C6B0001F91C /* ReactiveCocoa.framework in Frameworks */,
				1A53536E202D08040001F91C /* AdobeMobileLibrary.a in Frameworks */,
				1A53536A202D07F10001F91C /* libsqlite3.tbd in Frameworks */,
				1A535364202D07E60001F91C /* CommonCrypto.framework in Frameworks */,
				1A535391202D0C6B0001F91C /* ExampleCore.framework in Frameworks */,
				1A535365202D07E60001F91C /* Charts.framework in Frameworks */,
				1A535385202D0C6B0001F91C /* ExampleClientLibrary.framework in Frameworks */,
				1A535373202D0C6B0001F91C /* Alamofire.framework in Frameworks */,
				1A535366202D07E60001F91C /* Alamofire.framework in Frameworks */,
				1A535389202D0C6B0001F91C /* Result.framework in Frameworks */,
				1A535377202D0C6B0001F91C /* Charts.framework in Frameworks */,
				1A535383202D0C6B0001F91C /* ObjectMapper.framework in Frameworks */,
				1A535367202D07E60001F91C /* CleanroomLogger.framework in Frameworks */,
				1A535368202D07E60001F91C /* BonMot.framework in Frameworks */,
				1A53535E202D07D40001F91C /* EasyPeasy.framework in Frameworks */,
				1A53535C202D07CB0001F91C /* Mustache.framework in Frameworks */,
				1A53535A202D07C10001F91C /* HockeySDK.framework in Frameworks */,
				1A535356202D07AC0001F91C /* ObjectMapper.framework in Frameworks */,
				1A535354202D079F0001F91C /* ExampleClientLibrary.framework in Frameworks */,
				1A53537D202D0C6B0001F91C /* EasyPeasy.framework in Frameworks */,
				1A535375202D0C6B0001F91C /* BonMot.framework in Frameworks */,
				1A535352202D07940001F91C /* pop.framework in Frameworks */,
				1A535387202D0C6B0001F91C /* pop.framework in Frameworks */,
				1A53534E202D07800001F91C /* Result.framework in Frameworks */,
				1A53538B202D0C6B0001F91C /* ReactiveSwift.framework in Frameworks */,
				1A53534C202D07760001F91C /* ReactiveSwift.framework in Frameworks */,
				1A535381202D0C6B0001F91C /* HockeySDK.framework in Frameworks */,
				1A53537B202D0C6B0001F91C /* CommonCrypto.framework in Frameworks */,
				1A53534A202D07690001F91C /* ReactiveCocoa.framework in Frameworks */,
				1A53538F202D0C6B0001F91C /* TPKeyboardAvoidingKit.framework in Frameworks */,
				1A535348202D075F0001F91C /* TPKeyboardAvoidingKit.framework in Frameworks */,
				1A535346202D074F0001F91C /* ExampleCore.framework in Frameworks */,
			);
			runOnlyForDeploymentPostprocessing = 0;
		};
		1A53529C20296E9B0001F91C /* Frameworks */ = {
			isa = PBXFrameworksBuildPhase;
			buildActionMask = 2147483647;
			files = (
			);
			runOnlyForDeploymentPostprocessing = 0;
		};
		1A5352A720296E9B0001F91C /* Frameworks */ = {
			isa = PBXFrameworksBuildPhase;
			buildActionMask = 2147483647;
			files = (
			);
			runOnlyForDeploymentPostprocessing = 0;
		};
/* End PBXFrameworksBuildPhase section */

/* Begin PBXGroup section */
		1A53528220296E9B0001F91C = {
			isa = PBXGroup;
			children = (
				1A535340202C61D90001F91C /* Cartfile */,
				1A53533F202C61D90001F91C /* Cartfile.private */,
				1A53533E202C61D90001F91C /* Cartfile.resolved */,
				1A53528D20296E9B0001F91C /* WebView */,
				1A5352A220296E9B0001F91C /* WebViewTests */,
				1A5352AD20296E9B0001F91C /* WebViewUITests */,
				1A53528C20296E9B0001F91C /* Products */,
				1A535344202D074F0001F91C /* Frameworks */,
			);
			sourceTree = "<group>";
		};
		1A53528C20296E9B0001F91C /* Products */ = {
			isa = PBXGroup;
			children = (
				1A53528B20296E9B0001F91C /* WebView.app */,
				1A53529F20296E9B0001F91C /* WebViewTests.xctest */,
				1A5352AA20296E9B0001F91C /* WebViewUITests.xctest */,
			);
			name = Products;
			sourceTree = "<group>";
		};
		1A53528D20296E9B0001F91C /* WebView */ = {
			isa = PBXGroup;
			children = (
				1A53528E20296E9B0001F91C /* AppDelegate.swift */,
				1A53529020296E9B0001F91C /* ViewController.swift */,
				1A53529220296E9B0001F91C /* Main.storyboard */,
				1A53529520296E9B0001F91C /* Assets.xcassets */,
				1A53529720296E9B0001F91C /* LaunchScreen.storyboard */,
				1A53529A20296E9B0001F91C /* Info.plist */,
			);
			path = WebView;
			sourceTree = "<group>";
		};
		1A5352A220296E9B0001F91C /* WebViewTests */ = {
			isa = PBXGroup;
			children = (
				1A5352A320296E9B0001F91C /* WebViewTests.swift */,
				1A5352A520296E9B0001F91C /* Info.plist */,
			);
			path = WebViewTests;
			sourceTree = "<group>";
		};
		1A5352AD20296E9B0001F91C /* WebViewUITests */ = {
			isa = PBXGroup;
			children = (
				1A5352AE20296E9B0001F91C /* WebViewUITests.swift */,
				1A5352B020296E9B0001F91C /* Info.plist */,
			);
			path = WebViewUITests;
			sourceTree = "<group>";
		};
		1A535344202D074F0001F91C /* Frameworks */ = {
			isa = PBXGroup;
			children = (
				1A53536F202D08130001F91C /* UserNotifications.framework */,
				1A53536C202D08040001F91C /* AdobeMobileLibrary.a */,
				1A53536B202D08030001F91C /* IBMMobileKit.framework */,
				1A535369202D07F10001F91C /* libsqlite3.tbd */,
				1A535361202D07E50001F91C /* Alamofire.framework */,
				1A535363202D07E60001F91C /* BonMot.framework */,
				1A535360202D07E50001F91C /* Charts.framework */,
				1A535362202D07E60001F91C /* CleanroomLogger.framework */,
				1A53535F202D07E50001F91C /* CommonCrypto.framework */,
				1A53535D202D07D40001F91C /* EasyPeasy.framework */,
				1A53535B202D07CB0001F91C /* Mustache.framework */,
				1A535359202D07C10001F91C /* HockeySDK.framework */,
				1A535357202D07B50001F91C /* Nimble.framework */,
				1A535355202D07AC0001F91C /* ObjectMapper.framework */,
				1A535353202D079F0001F91C /* ExampleClientLibrary.framework */,
				1A535351202D07940001F91C /* pop.framework */,
				1A53534F202D078A0001F91C /* Quick.framework */,
				1A53534D202D07800001F91C /* Result.framework */,
				1A53534B202D07760001F91C /* ReactiveSwift.framework */,
				1A535349202D07690001F91C /* ReactiveCocoa.framework */,
				1A535347202D075F0001F91C /* TPKeyboardAvoidingKit.framework */,
				1A535345202D074F0001F91C /* ExampleCore.framework */,
			);
			name = Frameworks;
			sourceTree = "<group>";
		};
/* End PBXGroup section */

/* Begin PBXNativeTarget section */
		1A53528A20296E9B0001F91C /* WebView */ = {
			isa = PBXNativeTarget;
			buildConfigurationList = 1A5352B320296E9B0001F91C /* Build configuration list for PBXNativeTarget "WebView" */;
			buildPhases = (
				1A53528720296E9B0001F91C /* Sources */,
				1A53528820296E9B0001F91C /* Frameworks */,
				1A53528920296E9B0001F91C /* Resources */,
				1A535393202D0C6B0001F91C /* Embed Frameworks */,
			);
			buildRules = (
			);
			dependencies = (
			);
			name = WebView;
			productName = WebView;
			productReference = 1A53528B20296E9B0001F91C /* WebView.app */;
			productType = "com.apple.product-type.application";
		};
		1A53529E20296E9B0001F91C /* WebViewTests */ = {
			isa = PBXNativeTarget;
			buildConfigurationList = 1A5352B620296E9B0001F91C /* Build configuration list for PBXNativeTarget "WebViewTests" */;
			buildPhases = (
				1A53529B20296E9B0001F91C /* Sources */,
				1A53529C20296E9B0001F91C /* Frameworks */,
				1A53529D20296E9B0001F91C /* Resources */,
			);
			buildRules = (
			);
			dependencies = (
				1A5352A120296E9B0001F91C /* PBXTargetDependency */,
			);
			name = WebViewTests;
			productName = WebViewTests;
			productReference = 1A53529F20296E9B0001F91C /* WebViewTests.xctest */;
			productType = "com.apple.product-type.bundle.unit-test";
		};
		1A5352A920296E9B0001F91C /* WebViewUITests */ = {
			isa = PBXNativeTarget;
			buildConfigurationList = 1A5352B920296E9B0001F91C /* Build configuration list for PBXNativeTarget "WebViewUITests" */;
			buildPhases = (
				1A5352A620296E9B0001F91C /* Sources */,
				1A5352A720296E9B0001F91C /* Frameworks */,
				1A5352A820296E9B0001F91C /* Resources */,
			);
			buildRules = (
			);
			dependencies = (
				1A5352AC20296E9B0001F91C /* PBXTargetDependency */,
			);
			name = WebViewUITests;
			productName = WebViewUITests;
			productReference = 1A5352AA20296E9B0001F91C /* WebViewUITests.xctest */;
			productType = "com.apple.product-type.bundle.ui-testing";
		};
/* End PBXNativeTarget section */

/* Begin PBXProject section */
		1A53528320296E9B0001F91C /* Project object */ = {
			isa = PBXProject;
			attributes = {
				LastSwiftUpdateCheck = 0920;
				LastUpgradeCheck = 0920;
				ORGANIZATIONNAME = "James Reeve";
				TargetAttributes = {
					1A53528A20296E9B0001F91C = {
						CreatedOnToolsVersion = 9.2;
						ProvisioningStyle = Automatic;
					};
					1A53529E20296E9B0001F91C = {
						CreatedOnToolsVersion = 9.2;
						ProvisioningStyle = Automatic;
						TestTargetID = 1A53528A20296E9B0001F91C;
					};
					1A5352A920296E9B0001F91C = {
						CreatedOnToolsVersion = 9.2;
						ProvisioningStyle = Automatic;
						TestTargetID = 1A53528A20296E9B0001F91C;
					};
				};
			};
			buildConfigurationList = 1A53528620296E9B0001F91C /* Build configuration list for PBXProject "WebView" */;
			compatibilityVersion = "Xcode 8.0";
			developmentRegion = en;
			hasScannedForEncodings = 0;
			knownRegions = (
				en,
				Base,
			);
			mainGroup = 1A53528220296E9B0001F91C;
			productRefGroup = 1A53528C20296E9B0001F91C /* Products */;
			projectDirPath = "";
			projectRoot = "";
			targets = (
				1A53528A20296E9B0001F91C /* WebView */,
				1A53529E20296E9B0001F91C /* WebViewTests */,
				1A5352A920296E9B0001F91C /* WebViewUITests */,
			);
		};
/* End PBXProject section */

/* Begin PBXResourcesBuildPhase section */
		1A53528920296E9B0001F91C /* Resources */ = {
			isa = PBXResourcesBuildPhase;
			buildActionMask = 2147483647;
			files = (
				1A535343202C61D90001F91C /* Cartfile in Resources */,
				1A53529920296E9B0001F91C /* LaunchScreen.storyboard in Resources */,
				1A535341202C61D90001F91C /* Cartfile.resolved in Resources */,
				1A535342202C61D90001F91C /* Cartfile.private in Resources */,
				1A53529620296E9B0001F91C /* Assets.xcassets in Resources */,
				1A53529420296E9B0001F91C /* Main.storyboard in Resources */,
			);
			runOnlyForDeploymentPostprocessing = 0;
		};
		1A53529D20296E9B0001F91C /* Resources */ = {
			isa = PBXResourcesBuildPhase;
			buildActionMask = 2147483647;
			files = (
			);
			runOnlyForDeploymentPostprocessing = 0;
		};
		1A5352A820296E9B0001F91C /* Resources */ = {
			isa = PBXResourcesBuildPhase;
			buildActionMask = 2147483647;
			files = (
			);
			runOnlyForDeploymentPostprocessing = 0;
		};
/* End PBXResourcesBuildPhase section */

/* Begin PBXSourcesBuildPhase section */
		1A53528720296E9B0001F91C /* Sources */ = {
			isa = PBXSourcesBuildPhase;
			buildActionMask = 2147483647;
			files = (
				1A53529120296E9B0001F91C /* ViewController.swift in Sources */,
				1A53528F20296E9B0001F91C /* AppDelegate.swift in Sources */,
			);
			runOnlyForDeploymentPostprocessing = 0;
		};
		1A53529B20296E9B0001F91C /* Sources */ = {
			isa = PBXSourcesBuildPhase;
			buildActionMask = 2147483647;
			files = (
				1A5352A420296E9B0001F91C /* WebViewTests.swift in Sources */,
			);
			runOnlyForDeploymentPostprocessing = 0;
		};
		1A5352A620296E9B0001F91C /* Sources */ = {
			isa = PBXSourcesBuildPhase;
			buildActionMask = 2147483647;
			files = (
				1A5352AF20296E9B0001F91C /* WebViewUITests.swift in Sources */,
			);
			runOnlyForDeploymentPostprocessing = 0;
		};
/* End PBXSourcesBuildPhase section */

/* Begin PBXTargetDependency section */
		1A5352A120296E9B0001F91C /* PBXTargetDependency */ = {
			isa = PBXTargetDependency;
			target = 1A53528A20296E9B0001F91C /* WebView */;
			targetProxy = 1A5352A020296E9B0001F91C /* PBXContainerItemProxy */;
		};
		1A5352AC20296E9B0001F91C /* PBXTargetDependency */ = {
			isa = PBXTargetDependency;
			target = 1A53528A20296E9B0001F91C /* WebView */;
			targetProxy = 1A5352AB20296E9B0001F91C /* PBXContainerItemProxy */;
		};
/* End PBXTargetDependency section */

/* Begin PBXVariantGroup section */
		1A53529220296E9B0001F91C /* Main.storyboard */ = {
			isa = PBXVariantGroup;
			children = (
				1A53529320296E9B0001F91C /* Base */,
			);
			name = Main.storyboard;
			sourceTree = "<group>";
		};
		1A53529720296E9B0001F91C /* LaunchScreen.storyboard */ = {
			isa = PBXVariantGroup;
			children = (
				1A53529820296E9B0001F91C /* Base */,
			);
			name = LaunchScreen.storyboard;
			sourceTree = "<group>";
		};
/* End PBXVariantGroup section */

/* Begin XCBuildConfiguration section */
		1A5352B120296E9B0001F91C /* Debug */ = {
			isa = XCBuildConfiguration;
			buildSettings = {
				ALWAYS_SEARCH_USER_PATHS = NO;
				CLANG_ANALYZER_NONNULL = YES;
				CLANG_ANALYZER_NUMBER_OBJECT_CONVERSION = YES_AGGRESSIVE;
				CLANG_CXX_LANGUAGE_STANDARD = "gnu++14";
				CLANG_CXX_LIBRARY = "libc++";
				CLANG_ENABLE_MODULES = YES;
				CLANG_ENABLE_OBJC_ARC = YES;
				CLANG_WARN_BLOCK_CAPTURE_AUTORELEASING = YES;
				CLANG_WARN_BOOL_CONVERSION = YES;
				CLANG_WARN_COMMA = YES;
				CLANG_WARN_CONSTANT_CONVERSION = YES;
				CLANG_WARN_DIRECT_OBJC_ISA_USAGE = YES_ERROR;
				CLANG_WARN_DOCUMENTATION_COMMENTS = YES;
				CLANG_WARN_EMPTY_BODY = YES;
				CLANG_WARN_ENUM_CONVERSION = YES;
				CLANG_WARN_INFINITE_RECURSION = YES;
				CLANG_WARN_INT_CONVERSION = YES;
				CLANG_WARN_NON_LITERAL_NULL_CONVERSION = YES;
				CLANG_WARN_OBJC_LITERAL_CONVERSION = YES;
				CLANG_WARN_OBJC_ROOT_CLASS = YES_ERROR;
				CLANG_WARN_RANGE_LOOP_ANALYSIS = YES;
				CLANG_WARN_STRICT_PROTOTYPES = YES;
				CLANG_WARN_SUSPICIOUS_MOVE = YES;
				CLANG_WARN_UNGUARDED_AVAILABILITY = YES_AGGRESSIVE;
				CLANG_WARN_UNREACHABLE_CODE = YES;
				CLANG_WARN__DUPLICATE_METHOD_MATCH = YES;
				CODE_SIGN_IDENTITY = "iPhone Developer";
				COPY_PHASE_STRIP = NO;
				DEBUG_INFORMATION_FORMAT = dwarf;
				ENABLE_STRICT_OBJC_MSGSEND = YES;
				ENABLE_TESTABILITY = YES;
				GCC_C_LANGUAGE_STANDARD = gnu11;
				GCC_DYNAMIC_NO_PIC = NO;
				GCC_NO_COMMON_BLOCKS = YES;
				GCC_OPTIMIZATION_LEVEL = 0;
				GCC_PREPROCESSOR_DEFINITIONS = (
					"DEBUG=1",
					"$(inherited)",
				);
				GCC_WARN_64_TO_32_BIT_CONVERSION = YES;
				GCC_WARN_ABOUT_RETURN_TYPE = YES_ERROR;
				GCC_WARN_UNDECLARED_SELECTOR = YES;
				GCC_WARN_UNINITIALIZED_AUTOS = YES_AGGRESSIVE;
				GCC_WARN_UNUSED_FUNCTION = YES;
				GCC_WARN_UNUSED_VARIABLE = YES;
				IPHONEOS_DEPLOYMENT_TARGET = 11.2;
				MTL_ENABLE_DEBUG_INFO = YES;
				ONLY_ACTIVE_ARCH = YES;
				SDKROOT = iphoneos;
				SWIFT_ACTIVE_COMPILATION_CONDITIONS = DEBUG;
				SWIFT_OPTIMIZATION_LEVEL = "-Onone";
			};
			name = Debug;
		};
		1A5352B220296E9B0001F91C /* Release */ = {
			isa = XCBuildConfiguration;
			buildSettings = {
				ALWAYS_SEARCH_USER_PATHS = NO;
				CLANG_ANALYZER_NONNULL = YES;
				CLANG_ANALYZER_NUMBER_OBJECT_CONVERSION = YES_AGGRESSIVE;
				CLANG_CXX_LANGUAGE_STANDARD = "gnu++14";
				CLANG_CXX_LIBRARY = "libc++";
				CLANG_ENABLE_MODULES = YES;
				CLANG_ENABLE_OBJC_ARC = YES;
				CLANG_WARN_BLOCK_CAPTURE_AUTORELEASING = YES;
				CLANG_WARN_BOOL_CONVERSION = YES;
				CLANG_WARN_COMMA = YES;
				CLANG_WARN_CONSTANT_CONVERSION = YES;
				CLANG_WARN_DIRECT_OBJC_ISA_USAGE = YES_ERROR;
				CLANG_WARN_DOCUMENTATION_COMMENTS = YES;
				CLANG_WARN_EMPTY_BODY = YES;
				CLANG_WARN_ENUM_CONVERSION = YES;
				CLANG_WARN_INFINITE_RECURSION = YES;
				CLANG_WARN_INT_CONVERSION = YES;
				CLANG_WARN_NON_LITERAL_NULL_CONVERSION = YES;
				CLANG_WARN_OBJC_LITERAL_CONVERSION = YES;
				CLANG_WARN_OBJC_ROOT_CLASS = YES_ERROR;
				CLANG_WARN_RANGE_LOOP_ANALYSIS = YES;
				CLANG_WARN_STRICT_PROTOTYPES = YES;
				CLANG_WARN_SUSPICIOUS_MOVE = YES;
				CLANG_WARN_UNGUARDED_AVAILABILITY = YES_AGGRESSIVE;
				CLANG_WARN_UNREACHABLE_CODE = YES;
				CLANG_WARN__DUPLICATE_METHOD_MATCH = YES;
				CODE_SIGN_IDENTITY = "iPhone Developer";
				COPY_PHASE_STRIP = NO;
				DEBUG_INFORMATION_FORMAT = "dwarf-with-dsym";
				ENABLE_NS_ASSERTIONS = NO;
				ENABLE_STRICT_OBJC_MSGSEND = YES;
				GCC_C_LANGUAGE_STANDARD = gnu11;
				GCC_NO_COMMON_BLOCKS = YES;
				GCC_WARN_64_TO_32_BIT_CONVERSION = YES;
				GCC_WARN_ABOUT_RETURN_TYPE = YES_ERROR;
				GCC_WARN_UNDECLARED_SELECTOR = YES;
				GCC_WARN_UNINITIALIZED_AUTOS = YES_AGGRESSIVE;
				GCC_WARN_UNUSED_FUNCTION = YES;
				GCC_WARN_UNUSED_VARIABLE = YES;
				IPHONEOS_DEPLOYMENT_TARGET = 11.2;
				MTL_ENABLE_DEBUG_INFO = NO;
				SDKROOT = iphoneos;
				SWIFT_OPTIMIZATION_LEVEL = "-Owholemodule";
				VALIDATE_PRODUCT = YES;
			};
			name = Release;
		};
		1A5352B420296E9B0001F91C /* Debug */ = {
			isa = XCBuildConfiguration;
			buildSettings = {
				ASSETCATALOG_COMPILER_APPICON_NAME = AppIcon;
				CODE_SIGN_STYLE = Automatic;
				DEVELOPMENT_TEAM = 5ND29TB5RN;
				FRAMEWORK_SEARCH_PATHS = (
					"$(inherited)",
					"$(PROJECT_DIR)/Carthage/Build/iOS",
					"$(PROJECT_DIR)/Vendor",
				);
				INFOPLIST_FILE = WebView/Info.plist;
				LD_RUNPATH_SEARCH_PATHS = "$(inherited) @executable_path/Frameworks";
				LIBRARY_SEARCH_PATHS = (
					"$(inherited)",
					"$(PROJECT_DIR)/Vendor/AdobeMobileLibrary",
				);
				PRODUCT_BUNDLE_IDENTIFIER = au.com.jamesreeve.WebView;
				PRODUCT_NAME = "$(TARGET_NAME)";
				SWIFT_VERSION = 4.0;
				TARGETED_DEVICE_FAMILY = "1,2";
			};
			name = Debug;
		};
		1A5352B520296E9B0001F91C /* Release */ = {
			isa = XCBuildConfiguration;
			buildSettings = {
				ASSETCATALOG_COMPILER_APPICON_NAME = AppIcon;
				CODE_SIGN_STYLE = Automatic;
				DEVELOPMENT_TEAM = 5ND29TB5RN;
				FRAMEWORK_SEARCH_PATHS = (
					"$(inherited)",
					"$(PROJECT_DIR)/Carthage/Build/iOS",
					"$(PROJECT_DIR)/Vendor",
				);
				INFOPLIST_FILE = WebView/Info.plist;
				LD_RUNPATH_SEARCH_PATHS = "$(inherited) @executable_path/Frameworks";
				LIBRARY_SEARCH_PATHS = (
					"$(inherited)",
					"$(PROJECT_DIR)/Vendor/AdobeMobileLibrary",
				);
				PRODUCT_BUNDLE_IDENTIFIER = au.com.jamesreeve.WebView;
				PRODUCT_NAME = "$(TARGET_NAME)";
				SWIFT_VERSION = 4.0;
				TARGETED_DEVICE_FAMILY = "1,2";
			};
			name = Release;
		};
		1A5352B720296E9B0001F91C /* Debug */ = {
			isa = XCBuildConfiguration;
			buildSettings = {
				ALWAYS_EMBED_SWIFT_STANDARD_LIBRARIES = YES;
				BUNDLE_LOADER = "$(TEST_HOST)";
				CODE_SIGN_STYLE = Automatic;
				DEVELOPMENT_TEAM = 5ND29TB5RN;
				INFOPLIST_FILE = WebViewTests/Info.plist;
				LD_RUNPATH_SEARCH_PATHS = "$(inherited) @executable_path/Frameworks @loader_path/Frameworks";
				PRODUCT_BUNDLE_IDENTIFIER = au.com.jamesreeve.WebViewTests;
				PRODUCT_NAME = "$(TARGET_NAME)";
				SWIFT_VERSION = 4.0;
				TARGETED_DEVICE_FAMILY = "1,2";
				TEST_HOST = "$(BUILT_PRODUCTS_DIR)/WebView.app/WebView";
			};
			name = Debug;
		};
		1A5352B820296E9B0001F91C /* Release */ = {
			isa = XCBuildConfiguration;
			buildSettings = {
				ALWAYS_EMBED_SWIFT_STANDARD_LIBRARIES = YES;
				BUNDLE_LOADER = "$(TEST_HOST)";
				CODE_SIGN_STYLE = Automatic;
				DEVELOPMENT_TEAM = 5ND29TB5RN;
				INFOPLIST_FILE = WebViewTests/Info.plist;
				LD_RUNPATH_SEARCH_PATHS = "$(inherited) @executable_path/Frameworks @loader_path/Frameworks";
				PRODUCT_BUNDLE_IDENTIFIER = au.com.jamesreeve.WebViewTests;
				PRODUCT_NAME = "$(TARGET_NAME)";
				SWIFT_VERSION = 4.0;
				TARGETED_DEVICE_FAMILY = "1,2";
				TEST_HOST = "$(BUILT_PRODUCTS_DIR)/WebView.app/WebView";
			};
			name = Release;
		};
		1A5352BA20296E9B0001F91C /* Debug */ = {
			isa = XCBuildConfiguration;
			buildSettings = {
				ALWAYS_EMBED_SWIFT_STANDARD_LIBRARIES = YES;
				CODE_SIGN_STYLE = Automatic;
				DEVELOPMENT_TEAM = 5ND29TB5RN;
				INFOPLIST_FILE = WebViewUITests/Info.plist;
				LD_RUNPATH_SEARCH_PATHS = "$(inherited) @executable_path/Frameworks @loader_path/Frameworks";
				PRODUCT_BUNDLE_IDENTIFIER = au.com.jamesreeve.WebViewUITests;
				PRODUCT_NAME = "$(TARGET_NAME)";
				SWIFT_VERSION = 4.0;
				TARGETED_DEVICE_FAMILY = "1,2";
				TEST_TARGET_NAME = WebView;
			};
			name = Debug;
		};
		1A5352BB20296E9B0001F91C /* Release */ = {
			isa = XCBuildConfiguration;
			buildSettings = {
				ALWAYS_EMBED_SWIFT_STANDARD_LIBRARIES = YES;
				CODE_SIGN_STYLE = Automatic;
				DEVELOPMENT_TEAM = 5ND29TB5RN;
				INFOPLIST_FILE = WebViewUITests/Info.plist;
				LD_RUNPATH_SEARCH_PATHS = "$(inherited) @executable_path/Frameworks @loader_path/Frameworks";
				PRODUCT_BUNDLE_IDENTIFIER = au.com.jamesreeve.WebViewUITests;
				PRODUCT_NAME = "$(TARGET_NAME)";
				SWIFT_VERSION = 4.0;
				TARGETED_DEVICE_FAMILY = "1,2";
				TEST_TARGET_NAME = WebView;
			};
			name = Release;
		};
/* End XCBuildConfiguration section */

/* Begin XCConfigurationList section */
		1A53528620296E9B0001F91C /* Build configuration list for PBXProject "WebView" */ = {
			isa = XCConfigurationList;
			buildConfigurations = (
				1A5352B120296E9B0001F91C /* Debug */,
				1A5352B220296E9B0001F91C /* Release */,
			);
			defaultConfigurationIsVisible = 0;
			defaultConfigurationName = Release;
		};
		1A5352B320296E9B0001F91C /* Build configuration list for PBXNativeTarget "WebView" */ = {
			isa = XCConfigurationList;
			buildConfigurations = (
				1A5352B420296E9B0001F91C /* Debug */,
				1A5352B520296E9B0001F91C /* Release */,
			);
			defaultConfigurationIsVisible = 0;
			defaultConfigurationName = Release;
		};
		1A5352B620296E9B0001F91C /* Build configuration list for PBXNativeTarget "WebViewTests" */ = {
			isa = XCConfigurationList;
			buildConfigurations = (
				1A5352B720296E9B0001F91C /* Debug */,
				1A5352B820296E9B0001F91C /* Release */,
			);
			defaultConfigurationIsVisible = 0;
			defaultConfigurationName = Release;
		};
		1A5352B920296E9B0001F91C /* Build configuration list for PBXNativeTarget "WebViewUITests" */ = {
			isa = XCConfigurationList;
			buildConfigurations = (
				1A5352BA20296E9B0001F91C /* Debug */,
				1A5352BB20296E9B0001F91C /* Release */,
			);
			defaultConfigurationIsVisible = 0;
			defaultConfigurationName = Release;
		};
/* End XCConfigurationList section */
	};
	rootObject = 1A53528320296E9B0001F91C /* Project object */;
}
